{
    "hash": "cecca02ff0fa965588eb7c3d06001a1a",
    "packages": [
        {
            "package": "composer/installers",
            "version": "dev-master",
            "source-reference": "c515efe6e807b09b51eba0f5f6188868156edd8b",
            "commit-date": "1343250599"
        }
    ],
    "packages-dev": [
        {
            "package": "korstiaan/drunit",
            "version": "dev-master",
            "source-reference": "68a80e4d86f875de560c0bb2c4750abe8d1c19f8",
            "commit-date": "1343599348"
        },
        {
            "package": "korstiaan/drupal-mirror",
            "version": "v7.14.1"
        },
        {
            "package": "symfony/class-loader",
            "version": "dev-master",
            "alias-pretty-version": "2.1.x-dev",
            "alias-version": "2.1.9999999.9999999-dev"
        },
        {
            "package": "symfony/class-loader",
            "version": "dev-master",
            "source-reference": "v2.1.0-BETA4",
            "commit-date": "1342347231"
        }
    ],
    "aliases": [

    ],
    "minimum-stability": "dev",
    "stability-flags": [

    ]
}
