{
    "hash": "4fb1de8c6a6e50af06089ee6d40c67e0",
    "packages": [
        {
            "package": "composer/installers",
            "version": "dev-master",
            "source-reference": "c515efe6e807b09b51eba0f5f6188868156edd8b",
            "commit-date": "1343250599"
        }
    ],
    "packages-dev": null,
    "aliases": [

    ],
    "minimum-stability": "dev",
    "stability-flags": [

    ]
}
